// !$*UTF8*$!
{
	archiveVersion = 1;
	classes = {
	};
	objectVersion = 56;
	objects = {

/* Begin PBXBuildFile section */
		D83F4B1C2A8A980400C67B28 /* ContactListSUIApp.swift in Sources */ = {isa = PBXBuildFile; fileRef = D83F4B1B2A8A980400C67B28 /* ContactListSUIApp.swift */; };
		D83F4B1E2A8A980400C67B28 /* ContactListView.swift in Sources */ = {isa = PBXBuildFile; fileRef = D83F4B1D2A8A980400C67B28 /* ContactListView.swift */; };
		D83F4B202A8A980900C67B28 /* Assets.xcassets in Resources */ = {isa = PBXBuildFile; fileRef = D83F4B1F2A8A980900C67B28 /* Assets.xcassets */; };
		D83F4B232A8A980900C67B28 /* Preview Assets.xcassets in Resources */ = {isa = PBXBuildFile; fileRef = D83F4B222A8A980900C67B28 /* Preview Assets.xcassets */; };
		D83F4B2C2A8A983B00C67B28 /* DataStore.swift in Sources */ = {isa = PBXBuildFile; fileRef = D83F4B2B2A8A983B00C67B28 /* DataStore.swift */; };
		D83F4B2F2A8A984F00C67B28 /* Contact.swift in Sources */ = {isa = PBXBuildFile; fileRef = D83F4B2E2A8A984F00C67B28 /* Contact.swift */; };
		D83F4B322A8EAD6900C67B28 /* ContactInfoView.swift in Sources */ = {isa = PBXBuildFile; fileRef = D83F4B312A8EAD6900C67B28 /* ContactInfoView.swift */; };
		D83F4B342A8EB93000C67B28 /* ContentView.swift in Sources */ = {isa = PBXBuildFile; fileRef = D83F4B332A8EB93000C67B28 /* ContentView.swift */; };
/* End PBXBuildFile section */

/* Begin PBXFileReference section */
		D83F4B182A8A980400C67B28 /* ContactListSUI.app */ = {isa = PBXFileReference; explicitFileType = wrapper.application; includeInIndex = 0; path = ContactListSUI.app; sourceTree = BUILT_PRODUCTS_DIR; };
		D83F4B1B2A8A980400C67B28 /* ContactListSUIApp.swift */ = {isa = PBXFileReference; lastKnownFileType = sourcecode.swift; path = ContactListSUIApp.swift; sourceTree = "<group>"; };
		D83F4B1D2A8A980400C67B28 /* ContactListView.swift */ = {isa = PBXFileReference; lastKnownFileType = sourcecode.swift; path = ContactListView.swift; sourceTree = "<group>"; };
		D83F4B1F2A8A980900C67B28 /* Assets.xcassets */ = {isa = PBXFileReference; lastKnownFileType = folder.assetcatalog; path = Assets.xcassets; sourceTree = "<group>"; };
		D83F4B222A8A980900C67B28 /* Preview Assets.xcassets */ = {isa = PBXFileReference; lastKnownFileType = folder.assetcatalog; path = "Preview Assets.xcassets"; sourceTree = "<group>"; };
		D83F4B2B2A8A983B00C67B28 /* DataStore.swift */ = {isa = PBXFileReference; fileEncoding = 4; lastKnownFileType = sourcecode.swift; path = DataStore.swift; sourceTree = "<group>"; };
		D83F4B2E2A8A984F00C67B28 /* Contact.swift */ = {isa = PBXFileReference; fileEncoding = 4; lastKnownFileType = sourcecode.swift; path = Contact.swift; sourceTree = "<group>"; };
		D83F4B312A8EAD6900C67B28 /* ContactInfoView.swift */ = {isa = PBXFileReference; lastKnownFileType = sourcecode.swift; path = ContactInfoView.swift; sourceTree = "<group>"; };
		D83F4B332A8EB93000C67B28 /* ContentView.swift */ = {isa = PBXFileReference; lastKnownFileType = sourcecode.swift; path = ContentView.swift; sourceTree = "<group>"; };
/* End PBXFileReference section */

/* Begin PBXFrameworksBuildPhase section */
		D83F4B152A8A980400C67B28 /* Frameworks */ = {
			isa = PBXFrameworksBuildPhase;
			buildActionMask = 2147483647;
			files = (
			);
			runOnlyForDeploymentPostprocessing = 0;
		};
/* End PBXFrameworksBuildPhase section */

/* Begin PBXGroup section */
		D83F4B0F2A8A980400C67B28 = {
			isa = PBXGroup;
			children = (
				D83F4B1A2A8A980400C67B28 /* ContactListSUI */,
				D83F4B192A8A980400C67B28 /* Products */,
			);
			sourceTree = "<group>";
		};
		D83F4B192A8A980400C67B28 /* Products */ = {
			isa = PBXGroup;
			children = (
				D83F4B182A8A980400C67B28 /* ContactListSUI.app */,
			);
			name = Products;
			sourceTree = "<group>";
		};
		D83F4B1A2A8A980400C67B28 /* ContactListSUI */ = {
			isa = PBXGroup;
			children = (
				D83F4B302A8A985600C67B28 /* Models */,
				D83F4B2D2A8A984100C67B28 /* Services */,
				D83F4B1B2A8A980400C67B28 /* ContactListSUIApp.swift */,
				D83F4B332A8EB93000C67B28 /* ContentView.swift */,
				D83F4B1D2A8A980400C67B28 /* ContactListView.swift */,
				D83F4B312A8EAD6900C67B28 /* ContactInfoView.swift */,
				D83F4B1F2A8A980900C67B28 /* Assets.xcassets */,
				D83F4B212A8A980900C67B28 /* Preview Content */,
			);
			path = ContactListSUI;
			sourceTree = "<group>";
		};
		D83F4B212A8A980900C67B28 /* Preview Content */ = {
			isa = PBXGroup;
			children = (
				D83F4B222A8A980900C67B28 /* Preview Assets.xcassets */,
			);
			path = "Preview Content";
			sourceTree = "<group>";
		};
		D83F4B2D2A8A984100C67B28 /* Services */ = {
			isa = PBXGroup;
			children = (
				D83F4B2B2A8A983B00C67B28 /* DataStore.swift */,
			);
			path = Services;
			sourceTree = "<group>";
		};
		D83F4B302A8A985600C67B28 /* Models */ = {
			isa = PBXGroup;
			children = (
				D83F4B2E2A8A984F00C67B28 /* Contact.swift */,
			);
			path = Models;
			sourceTree = "<group>";
		};
/* End PBXGroup section */

/* Begin PBXNativeTarget section */
		D83F4B172A8A980400C67B28 /* ContactListSUI */ = {
			isa = PBXNativeTarget;
			buildConfigurationList = D83F4B262A8A980900C67B28 /* Build configuration list for PBXNativeTarget "ContactListSUI" */;
			buildPhases = (
				D83F4B142A8A980400C67B28 /* Sources */,
				D83F4B152A8A980400C67B28 /* Frameworks */,
				D83F4B162A8A980400C67B28 /* Resources */,
			);
			buildRules = (
			);
			dependencies = (
			);
			name = ContactListSUI;
			productName = ContactListSUI;
			productReference = D83F4B182A8A980400C67B28 /* ContactListSUI.app */;
			productType = "com.apple.product-type.application";
		};
/* End PBXNativeTarget section */

/* Begin PBXProject section */
		D83F4B102A8A980400C67B28 /* Project object */ = {
			isa = PBXProject;
			attributes = {
				BuildIndependentTargetsInParallel = 1;
				LastSwiftUpdateCheck = 1420;
				LastUpgradeCheck = 1420;
				TargetAttributes = {
					D83F4B172A8A980400C67B28 = {
						CreatedOnToolsVersion = 14.2;
					};
				};
			};
			buildConfigurationList = D83F4B132A8A980400C67B28 /* Build configuration list for PBXProject "ContactListSUI" */;
			compatibilityVersion = "Xcode 14.0";
			developmentRegion = en;
			hasScannedForEncodings = 0;
			knownRegions = (
				en,
				Base,
			);
			mainGroup = D83F4B0F2A8A980400C67B28;
			productRefGroup = D83F4B192A8A980400C67B28 /* Products */;
			projectDirPath = "";
			projectRoot = "";
			targets = (
				D83F4B172A8A980400C67B28 /* ContactListSUI */,
			);
		};
/* End PBXProject section */

/* Begin PBXResourcesBuildPhase section */
		D83F4B162A8A980400C67B28 /* Resources */ = {
			isa = PBXResourcesBuildPhase;
			buildActionMask = 2147483647;
			files = (
				D83F4B232A8A980900C67B28 /* Preview Assets.xcassets in Resources */,
				D83F4B202A8A980900C67B28 /* Assets.xcassets in Resources */,
			);
			runOnlyForDeploymentPostprocessing = 0;
		};
/* End PBXResourcesBuildPhase section */

/* Begin PBXSourcesBuildPhase section */
		D83F4B142A8A980400C67B28 /* Sources */ = {
			isa = PBXSourcesBuildPhase;
			buildActionMask = 2147483647;
			files = (
				D83F4B1E2A8A980400C67B28 /* ContactListView.swift in Sources */,
				D83F4B2C2A8A983B00C67B28 /* DataStore.swift in Sources */,
				D83F4B342A8EB93000C67B28 /* ContentView.swift in Sources */,
				D83F4B2F2A8A984F00C67B28 /* Contact.swift in Sources */,
				D83F4B1C2A8A980400C67B28 /* ContactListSUIApp.swift in Sources */,
				D83F4B322A8EAD6900C67B28 /* ContactInfoView.swift in Sources */,
			);
			runOnlyForDeploymentPostprocessing = 0;
		};
/* End PBXSourcesBuildPhase section */

/* Begin XCBuildConfiguration section */
		D83F4B242A8A980900C67B28 /* Debug */ = {
			isa = XCBuildConfiguration;
			buildSettings = {
				ALWAYS_SEARCH_USER_PATHS = NO;
				CLANG_ANALYZER_NONNULL = YES;
				CLANG_ANALYZER_NUMBER_OBJECT_CONVERSION = YES_AGGRESSIVE;
				CLANG_CXX_LANGUAGE_STANDARD = "gnu++20";
				CLANG_ENABLE_MODULES = YES;
				CLANG_ENABLE_OBJC_ARC = YES;
				CLANG_ENABLE_OBJC_WEAK = YES;
				CLANG_WARN_BLOCK_CAPTURE_AUTORELEASING = YES;
				CLANG_WARN_BOOL_CONVERSION = YES;
				CLANG_WARN_COMMA = YES;
				CLANG_WARN_CONSTANT_CONVERSION = YES;
				CLANG_WARN_DEPRECATED_OBJC_IMPLEMENTATIONS = YES;
				CLANG_WARN_DIRECT_OBJC_ISA_USAGE = YES_ERROR;
				CLANG_WARN_DOCUMENTATION_COMMENTS = YES;
				CLANG_WARN_EMPTY_BODY = YES;
				CLANG_WARN_ENUM_CONVERSION = YES;
				CLANG_WARN_INFINITE_RECURSION = YES;
				CLANG_WARN_INT_CONVERSION = YES;
				CLANG_WARN_NON_LITERAL_NULL_CONVERSION = YES;
				CLANG_WARN_OBJC_IMPLICIT_RETAIN_SELF = YES;
				CLANG_WARN_OBJC_LITERAL_CONVERSION = YES;
				CLANG_WARN_OBJC_ROOT_CLASS = YES_ERROR;
				CLANG_WARN_QUOTED_INCLUDE_IN_FRAMEWORK_HEADER = YES;
				CLANG_WARN_RANGE_LOOP_ANALYSIS = YES;
				CLANG_WARN_STRICT_PROTOTYPES = YES;
				CLANG_WARN_SUSPICIOUS_MOVE = YES;
				CLANG_WARN_UNGUARDED_AVAILABILITY = YES_AGGRESSIVE;
				CLANG_WARN_UNREACHABLE_CODE = YES;
				CLANG_WARN__DUPLICATE_METHOD_MATCH = YES;
				COPY_PHASE_STRIP = NO;
				DEBUG_INFORMATION_FORMAT = dwarf;
				ENABLE_STRICT_OBJC_MSGSEND = YES;
				ENABLE_TESTABILITY = YES;
				GCC_C_LANGUAGE_STANDARD = gnu11;
				GCC_DYNAMIC_NO_PIC = NO;
				GCC_NO_COMMON_BLOCKS = YES;
				GCC_OPTIMIZATION_LEVEL = 0;
				GCC_PREPROCESSOR_DEFINITIONS = (
					"DEBUG=1",
					"$(inherited)",
				);
				GCC_WARN_64_TO_32_BIT_CONVERSION = YES;
				GCC_WARN_ABOUT_RETURN_TYPE = YES_ERROR;
				GCC_WARN_UNDECLARED_SELECTOR = YES;
				GCC_WARN_UNINITIALIZED_AUTOS = YES_AGGRESSIVE;
				GCC_WARN_UNUSED_FUNCTION = YES;
				GCC_WARN_UNUSED_VARIABLE = YES;
				IPHONEOS_DEPLOYMENT_TARGET = 16.2;
				MTL_ENABLE_DEBUG_INFO = INCLUDE_SOURCE;
				MTL_FAST_MATH = YES;
				ONLY_ACTIVE_ARCH = YES;
				SDKROOT = iphoneos;
				SWIFT_ACTIVE_COMPILATION_CONDITIONS = DEBUG;
				SWIFT_OPTIMIZATION_LEVEL = "-Onone";
			};
			name = Debug;
		};
		D83F4B252A8A980900C67B28 /* Release */ = {
			isa = XCBuildConfiguration;
			buildSettings = {
				ALWAYS_SEARCH_USER_PATHS = NO;
				CLANG_ANALYZER_NONNULL = YES;
				CLANG_ANALYZER_NUMBER_OBJECT_CONVERSION = YES_AGGRESSIVE;
				CLANG_CXX_LANGUAGE_STANDARD = "gnu++20";
				CLANG_ENABLE_MODULES = YES;
				CLANG_ENABLE_OBJC_ARC = YES;
				CLANG_ENABLE_OBJC_WEAK = YES;
				CLANG_WARN_BLOCK_CAPTURE_AUTORELEASING = YES;
				CLANG_WARN_BOOL_CONVERSION = YES;
				CLANG_WARN_COMMA = YES;
				CLANG_WARN_CONSTANT_CONVERSION = YES;
				CLANG_WARN_DEPRECATED_OBJC_IMPLEMENTATIONS = YES;
				CLANG_WARN_DIRECT_OBJC_ISA_USAGE = YES_ERROR;
				CLANG_WARN_DOCUMENTATION_COMMENTS = YES;
				CLANG_WARN_EMPTY_BODY = YES;
				CLANG_WARN_ENUM_CONVERSION = YES;
				CLANG_WARN_INFINITE_RECURSION = YES;
				CLANG_WARN_INT_CONVERSION = YES;
				CLANG_WARN_NON_LITERAL_NULL_CONVERSION = YES;
				CLANG_WARN_OBJC_IMPLICIT_RETAIN_SELF = YES;
				CLANG_WARN_OBJC_LITERAL_CONVERSION = YES;
				CLANG_WARN_OBJC_ROOT_CLASS = YES_ERROR;
				CLANG_WARN_QUOTED_INCLUDE_IN_FRAMEWORK_HEADER = YES;
				CLANG_WARN_RANGE_LOOP_ANALYSIS = YES;
				CLANG_WARN_STRICT_PROTOTYPES = YES;
				CLANG_WARN_SUSPICIOUS_MOVE = YES;
				CLANG_WARN_UNGUARDED_AVAILABILITY = YES_AGGRESSIVE;
				CLANG_WARN_UNREACHABLE_CODE = YES;
				CLANG_WARN__DUPLICATE_METHOD_MATCH = YES;
				COPY_PHASE_STRIP = NO;
				DEBUG_INFORMATION_FORMAT = "dwarf-with-dsym";
				ENABLE_NS_ASSERTIONS = NO;
				ENABLE_STRICT_OBJC_MSGSEND = YES;
				GCC_C_LANGUAGE_STANDARD = gnu11;
				GCC_NO_COMMON_BLOCKS = YES;
				GCC_WARN_64_TO_32_BIT_CONVERSION = YES;
				GCC_WARN_ABOUT_RETURN_TYPE = YES_ERROR;
				GCC_WARN_UNDECLARED_SELECTOR = YES;
				GCC_WARN_UNINITIALIZED_AUTOS = YES_AGGRESSIVE;
				GCC_WARN_UNUSED_FUNCTION = YES;
				GCC_WARN_UNUSED_VARIABLE = YES;
				IPHONEOS_DEPLOYMENT_TARGET = 16.2;
				MTL_ENABLE_DEBUG_INFO = NO;
				MTL_FAST_MATH = YES;
				SDKROOT = iphoneos;
				SWIFT_COMPILATION_MODE = wholemodule;
				SWIFT_OPTIMIZATION_LEVEL = "-O";
				VALIDATE_PRODUCT = YES;
			};
			name = Release;
		};
		D83F4B272A8A980900C67B28 /* Debug */ = {
			isa = XCBuildConfiguration;
			buildSettings = {
				ASSETCATALOG_COMPILER_APPICON_NAME = AppIcon;
				ASSETCATALOG_COMPILER_GLOBAL_ACCENT_COLOR_NAME = AccentColor;
				CODE_SIGN_STYLE = Automatic;
				CURRENT_PROJECT_VERSION = 1;
				DEVELOPMENT_ASSET_PATHS = "\"ContactListSUI/Preview Content\"";
				DEVELOPMENT_TEAM = 488U3567BQ;
				ENABLE_PREVIEWS = YES;
				GENERATE_INFOPLIST_FILE = YES;
				INFOPLIST_KEY_UIApplicationSceneManifest_Generation = YES;
				INFOPLIST_KEY_UIApplicationSupportsIndirectInputEvents = YES;
				INFOPLIST_KEY_UILaunchScreen_Generation = YES;
				INFOPLIST_KEY_UISupportedInterfaceOrientations_iPad = "UIInterfaceOrientationPortrait UIInterfaceOrientationPortraitUpsideDown UIInterfaceOrientationLandscapeLeft UIInterfaceOrientationLandscapeRight";
				INFOPLIST_KEY_UISupportedInterfaceOrientations_iPhone = "UIInterfaceOrientationPortrait UIInterfaceOrientationLandscapeLeft UIInterfaceOrientationLandscapeRight";
				LD_RUNPATH_SEARCH_PATHS = (
					"$(inherited)",
					"@executable_path/Frameworks",
				);
				MARKETING_VERSION = 1.0;
				PRODUCT_BUNDLE_IDENTIFIER = ComSys.ContactListSUI;
				PRODUCT_NAME = "$(TARGET_NAME)";
				SWIFT_EMIT_LOC_STRINGS = YES;
				SWIFT_VERSION = 5.0;
				TARGETED_DEVICE_FAMILY = "1,2";
			};
			name = Debug;
		};
		D83F4B282A8A980900C67B28 /* Release */ = {
			isa = XCBuildConfiguration;
			buildSettings = {
				ASSETCATALOG_COMPILER_APPICON_NAME = AppIcon;
				ASSETCATALOG_COMPILER_GLOBAL_ACCENT_COLOR_NAME = AccentColor;
				CODE_SIGN_STYLE = Automatic;
				CURRENT_PROJECT_VERSION = 1;
				DEVELOPMENT_ASSET_PATHS = "\"ContactListSUI/Preview Content\"";
				DEVELOPMENT_TEAM = 488U3567BQ;
				ENABLE_PREVIEWS = YES;
				GENERATE_INFOPLIST_FILE = YES;
				INFOPLIST_KEY_UIApplicationSceneManifest_Generation = YES;
				INFOPLIST_KEY_UIApplicationSupportsIndirectInputEvents = YES;
				INFOPLIST_KEY_UILaunchScreen_Generation = YES;
				INFOPLIST_KEY_UISupportedInterfaceOrientations_iPad = "UIInterfaceOrientationPortrait UIInterfaceOrientationPortraitUpsideDown UIInterfaceOrientationLandscapeLeft UIInterfaceOrientationLandscapeRight";
				INFOPLIST_KEY_UISupportedInterfaceOrientations_iPhone = "UIInterfaceOrientationPortrait UIInterfaceOrientationLandscapeLeft UIInterfaceOrientationLandscapeRight";
				LD_RUNPATH_SEARCH_PATHS = (
					"$(inherited)",
					"@executable_path/Frameworks",
				);
				MARKETING_VERSION = 1.0;
				PRODUCT_BUNDLE_IDENTIFIER = ComSys.ContactListSUI;
				PRODUCT_NAME = "$(TARGET_NAME)";
				SWIFT_EMIT_LOC_STRINGS = YES;
				SWIFT_VERSION = 5.0;
				TARGETED_DEVICE_FAMILY = "1,2";
			};
			name = Release;
		};
/* End XCBuildConfiguration section */

/* Begin XCConfigurationList section */
		D83F4B132A8A980400C67B28 /* Build configuration list for PBXProject "ContactListSUI" */ = {
			isa = XCConfigurationList;
			buildConfigurations = (
				D83F4B242A8A980900C67B28 /* Debug */,
				D83F4B252A8A980900C67B28 /* Release */,
			);
			defaultConfigurationIsVisible = 0;
			defaultConfigurationName = Release;
		};
		D83F4B262A8A980900C67B28 /* Build configuration list for PBXNativeTarget "ContactListSUI" */ = {
			isa = XCConfigurationList;
			buildConfigurations = (
				D83F4B272A8A980900C67B28 /* Debug */,
				D83F4B282A8A980900C67B28 /* Release */,
			);
			defaultConfigurationIsVisible = 0;
			defaultConfigurationName = Release;
		};
/* End XCConfigurationList section */
	};
	rootObject = D83F4B102A8A980400C67B28 /* Project object */;
}
